// !$*UTF8*$!
{
	archiveVersion = 1;
	classes = {
	};
	objectVersion = 46;
	objects = {

/* Begin PBXBuildFile section */
		F82D14441C3B5CEF00D14373 /* LoginViewController.swift in Sources */ = {isa = PBXBuildFile; fileRef = F82D14431C3B5CEF00D14373 /* LoginViewController.swift */; settings = {ASSET_TAGS = (); }; };
		F85D54B51C388F6B009310E9 /* JSONDataTableViewController.swift in Sources */ = {isa = PBXBuildFile; fileRef = F85D54B41C388F6B009310E9 /* JSONDataTableViewController.swift */; settings = {ASSET_TAGS = (); }; };
		F85D54F31C398F39009310E9 /* MapKit.framework in Frameworks */ = {isa = PBXBuildFile; fileRef = F85D54F21C398F39009310E9 /* MapKit.framework */; };
		F85D54F51C3992A4009310E9 /* MapViewController.swift in Sources */ = {isa = PBXBuildFile; fileRef = F85D54F41C3992A4009310E9 /* MapViewController.swift */; settings = {ASSET_TAGS = (); }; };
		F88EE2C11C4EE58B00BBECAF /* Bolts.framework in Frameworks */ = {isa = PBXBuildFile; fileRef = F88EE2BB1C4EE58B00BBECAF /* Bolts.framework */; settings = {ASSET_TAGS = (); }; };
		F88EE2C21C4EE58B00BBECAF /* Parse.framework in Frameworks */ = {isa = PBXBuildFile; fileRef = F88EE2BC1C4EE58B00BBECAF /* Parse.framework */; settings = {ASSET_TAGS = (); }; };
		F88EE2C31C4EE58B00BBECAF /* ParseFacebookUtils.framework in Frameworks */ = {isa = PBXBuildFile; fileRef = F88EE2BD1C4EE58B00BBECAF /* ParseFacebookUtils.framework */; settings = {ASSET_TAGS = (); }; };
		F88EE2C41C4EE58B00BBECAF /* ParseFacebookUtilsV4.framework in Frameworks */ = {isa = PBXBuildFile; fileRef = F88EE2BE1C4EE58B00BBECAF /* ParseFacebookUtilsV4.framework */; settings = {ASSET_TAGS = (); }; };
		F88EE2C51C4EE58B00BBECAF /* ParseTwitterUtils.framework in Frameworks */ = {isa = PBXBuildFile; fileRef = F88EE2BF1C4EE58B00BBECAF /* ParseTwitterUtils.framework */; settings = {ASSET_TAGS = (); }; };
		F88EE2C61C4EE58B00BBECAF /* ParseUI.framework in Frameworks */ = {isa = PBXBuildFile; fileRef = F88EE2C01C4EE58B00BBECAF /* ParseUI.framework */; settings = {ASSET_TAGS = (); }; };
		F88EE2C81C4EE73800BBECAF /* AudioToolbox.framework in Frameworks */ = {isa = PBXBuildFile; fileRef = F88EE2C71C4EE73800BBECAF /* AudioToolbox.framework */; };
		F88EE2CA1C4EE74300BBECAF /* CFNetwork.framework in Frameworks */ = {isa = PBXBuildFile; fileRef = F88EE2C91C4EE74300BBECAF /* CFNetwork.framework */; };
		F88EE2CC1C4EE74C00BBECAF /* CoreGraphics.framework in Frameworks */ = {isa = PBXBuildFile; fileRef = F88EE2CB1C4EE74C00BBECAF /* CoreGraphics.framework */; };
		F88EE2CE1C4EE75300BBECAF /* CoreLocation.framework in Frameworks */ = {isa = PBXBuildFile; fileRef = F88EE2CD1C4EE75300BBECAF /* CoreLocation.framework */; };
		F88EE2D01C4EE75C00BBECAF /* QuartzCore.framework in Frameworks */ = {isa = PBXBuildFile; fileRef = F88EE2CF1C4EE75C00BBECAF /* QuartzCore.framework */; };
		F88EE2D21C4EE76400BBECAF /* Security.framework in Frameworks */ = {isa = PBXBuildFile; fileRef = F88EE2D11C4EE76400BBECAF /* Security.framework */; };
		F88EE2D41C4EE76A00BBECAF /* StoreKit.framework in Frameworks */ = {isa = PBXBuildFile; fileRef = F88EE2D31C4EE76A00BBECAF /* StoreKit.framework */; };
		F88EE2D61C4EE77400BBECAF /* SystemConfiguration.framework in Frameworks */ = {isa = PBXBuildFile; fileRef = F88EE2D51C4EE77400BBECAF /* SystemConfiguration.framework */; };
		F88EE2D81C4EE77E00BBECAF /* libz.tbd in Frameworks */ = {isa = PBXBuildFile; fileRef = F88EE2D71C4EE77E00BBECAF /* libz.tbd */; };
		F88EE2DA1C4EE78600BBECAF /* libsqlite3.tbd in Frameworks */ = {isa = PBXBuildFile; fileRef = F88EE2D91C4EE78600BBECAF /* libsqlite3.tbd */; };
		F88EE2E21C4EF2FB00BBECAF /* RestaurantDataTableViewController.swift in Sources */ = {isa = PBXBuildFile; fileRef = F88EE2E11C4EF2FB00BBECAF /* RestaurantDataTableViewController.swift */; settings = {ASSET_TAGS = (); }; };
		F896464E1C32FEA400BFFAA8 /* AppDelegate.swift in Sources */ = {isa = PBXBuildFile; fileRef = F896464D1C32FEA400BFFAA8 /* AppDelegate.swift */; };
		F89646531C32FEA400BFFAA8 /* Main.storyboard in Resources */ = {isa = PBXBuildFile; fileRef = F89646511C32FEA400BFFAA8 /* Main.storyboard */; };
		F89646551C32FEA400BFFAA8 /* Assets.xcassets in Resources */ = {isa = PBXBuildFile; fileRef = F89646541C32FEA400BFFAA8 /* Assets.xcassets */; };
		F89646581C32FEA400BFFAA8 /* LaunchScreen.storyboard in Resources */ = {isa = PBXBuildFile; fileRef = F89646561C32FEA400BFFAA8 /* LaunchScreen.storyboard */; };
		F89646631C32FEA400BFFAA8 /* exampleTests.swift in Sources */ = {isa = PBXBuildFile; fileRef = F89646621C32FEA400BFFAA8 /* exampleTests.swift */; };
		F896466E1C32FEA400BFFAA8 /* exampleUITests.swift in Sources */ = {isa = PBXBuildFile; fileRef = F896466D1C32FEA400BFFAA8 /* exampleUITests.swift */; };
		F896467D1C33011E00BFFAA8 /* Locations.swift in Sources */ = {isa = PBXBuildFile; fileRef = F896467C1C33011E00BFFAA8 /* Locations.swift */; settings = {ASSET_TAGS = (); }; };
		F896467F1C3302C400BFFAA8 /* ImageViewController.swift in Sources */ = {isa = PBXBuildFile; fileRef = F896467E1C3302C400BFFAA8 /* ImageViewController.swift */; settings = {ASSET_TAGS = (); }; };
		F8FA9C8F1C3DCF7400F7DE58 /* SpaceViewController.swift in Sources */ = {isa = PBXBuildFile; fileRef = F8FA9C8E1C3DCF7400F7DE58 /* SpaceViewController.swift */; settings = {ASSET_TAGS = (); }; };
/* End PBXBuildFile section */

/* Begin PBXContainerItemProxy section */
		F896465F1C32FEA400BFFAA8 /* PBXContainerItemProxy */ = {
			isa = PBXContainerItemProxy;
			containerPortal = F89646421C32FEA400BFFAA8 /* Project object */;
			proxyType = 1;
			remoteGlobalIDString = F89646491C32FEA400BFFAA8;
			remoteInfo = example;
		};
		F896466A1C32FEA400BFFAA8 /* PBXContainerItemProxy */ = {
			isa = PBXContainerItemProxy;
			containerPortal = F89646421C32FEA400BFFAA8 /* Project object */;
			proxyType = 1;
			remoteGlobalIDString = F89646491C32FEA400BFFAA8;
			remoteInfo = example;
		};
/* End PBXContainerItemProxy section */

/* Begin PBXFileReference section */
		F82D14431C3B5CEF00D14373 /* LoginViewController.swift */ = {isa = PBXFileReference; fileEncoding = 4; lastKnownFileType = sourcecode.swift; path = LoginViewController.swift; sourceTree = "<group>"; };
		F85D54B41C388F6B009310E9 /* JSONDataTableViewController.swift */ = {isa = PBXFileReference; fileEncoding = 4; lastKnownFileType = sourcecode.swift; path = JSONDataTableViewController.swift; sourceTree = "<group>"; };
		F85D54F21C398F39009310E9 /* MapKit.framework */ = {isa = PBXFileReference; lastKnownFileType = wrapper.framework; name = MapKit.framework; path = System/Library/Frameworks/MapKit.framework; sourceTree = SDKROOT; };
		F85D54F41C3992A4009310E9 /* MapViewController.swift */ = {isa = PBXFileReference; fileEncoding = 4; lastKnownFileType = sourcecode.swift; path = MapViewController.swift; sourceTree = "<group>"; };
		F88EE2BB1C4EE58B00BBECAF /* Bolts.framework */ = {isa = PBXFileReference; lastKnownFileType = wrapper.framework; path = Bolts.framework; sourceTree = "<group>"; };
		F88EE2BC1C4EE58B00BBECAF /* Parse.framework */ = {isa = PBXFileReference; lastKnownFileType = wrapper.framework; path = Parse.framework; sourceTree = "<group>"; };
		F88EE2BD1C4EE58B00BBECAF /* ParseFacebookUtils.framework */ = {isa = PBXFileReference; lastKnownFileType = wrapper.framework; path = ParseFacebookUtils.framework; sourceTree = "<group>"; };
		F88EE2BE1C4EE58B00BBECAF /* ParseFacebookUtilsV4.framework */ = {isa = PBXFileReference; lastKnownFileType = wrapper.framework; path = ParseFacebookUtilsV4.framework; sourceTree = "<group>"; };
		F88EE2BF1C4EE58B00BBECAF /* ParseTwitterUtils.framework */ = {isa = PBXFileReference; lastKnownFileType = wrapper.framework; path = ParseTwitterUtils.framework; sourceTree = "<group>"; };
		F88EE2C01C4EE58B00BBECAF /* ParseUI.framework */ = {isa = PBXFileReference; lastKnownFileType = wrapper.framework; path = ParseUI.framework; sourceTree = "<group>"; };
		F88EE2C71C4EE73800BBECAF /* AudioToolbox.framework */ = {isa = PBXFileReference; lastKnownFileType = wrapper.framework; name = AudioToolbox.framework; path = System/Library/Frameworks/AudioToolbox.framework; sourceTree = SDKROOT; };
		F88EE2C91C4EE74300BBECAF /* CFNetwork.framework */ = {isa = PBXFileReference; lastKnownFileType = wrapper.framework; name = CFNetwork.framework; path = System/Library/Frameworks/CFNetwork.framework; sourceTree = SDKROOT; };
		F88EE2CB1C4EE74C00BBECAF /* CoreGraphics.framework */ = {isa = PBXFileReference; lastKnownFileType = wrapper.framework; name = CoreGraphics.framework; path = System/Library/Frameworks/CoreGraphics.framework; sourceTree = SDKROOT; };
		F88EE2CD1C4EE75300BBECAF /* CoreLocation.framework */ = {isa = PBXFileReference; lastKnownFileType = wrapper.framework; name = CoreLocation.framework; path = System/Library/Frameworks/CoreLocation.framework; sourceTree = SDKROOT; };
		F88EE2CF1C4EE75C00BBECAF /* QuartzCore.framework */ = {isa = PBXFileReference; lastKnownFileType = wrapper.framework; name = QuartzCore.framework; path = System/Library/Frameworks/QuartzCore.framework; sourceTree = SDKROOT; };
		F88EE2D11C4EE76400BBECAF /* Security.framework */ = {isa = PBXFileReference; lastKnownFileType = wrapper.framework; name = Security.framework; path = System/Library/Frameworks/Security.framework; sourceTree = SDKROOT; };
		F88EE2D31C4EE76A00BBECAF /* StoreKit.framework */ = {isa = PBXFileReference; lastKnownFileType = wrapper.framework; name = StoreKit.framework; path = System/Library/Frameworks/StoreKit.framework; sourceTree = SDKROOT; };
		F88EE2D51C4EE77400BBECAF /* SystemConfiguration.framework */ = {isa = PBXFileReference; lastKnownFileType = wrapper.framework; name = SystemConfiguration.framework; path = System/Library/Frameworks/SystemConfiguration.framework; sourceTree = SDKROOT; };
		F88EE2D71C4EE77E00BBECAF /* libz.tbd */ = {isa = PBXFileReference; lastKnownFileType = "sourcecode.text-based-dylib-definition"; name = libz.tbd; path = usr/lib/libz.tbd; sourceTree = SDKROOT; };
		F88EE2D91C4EE78600BBECAF /* libsqlite3.tbd */ = {isa = PBXFileReference; lastKnownFileType = "sourcecode.text-based-dylib-definition"; name = libsqlite3.tbd; path = usr/lib/libsqlite3.tbd; sourceTree = SDKROOT; };
		F88EE2E11C4EF2FB00BBECAF /* RestaurantDataTableViewController.swift */ = {isa = PBXFileReference; fileEncoding = 4; lastKnownFileType = sourcecode.swift; path = RestaurantDataTableViewController.swift; sourceTree = "<group>"; };
		F896464A1C32FEA400BFFAA8 /* example.app */ = {isa = PBXFileReference; explicitFileType = wrapper.application; includeInIndex = 0; path = example.app; sourceTree = BUILT_PRODUCTS_DIR; };
		F896464D1C32FEA400BFFAA8 /* AppDelegate.swift */ = {isa = PBXFileReference; lastKnownFileType = sourcecode.swift; path = AppDelegate.swift; sourceTree = "<group>"; };
		F89646521C32FEA400BFFAA8 /* Base */ = {isa = PBXFileReference; lastKnownFileType = file.storyboard; name = Base; path = Base.lproj/Main.storyboard; sourceTree = "<group>"; };
		F89646541C32FEA400BFFAA8 /* Assets.xcassets */ = {isa = PBXFileReference; lastKnownFileType = folder.assetcatalog; path = Assets.xcassets; sourceTree = "<group>"; };
		F89646571C32FEA400BFFAA8 /* Base */ = {isa = PBXFileReference; lastKnownFileType = file.storyboard; name = Base; path = Base.lproj/LaunchScreen.storyboard; sourceTree = "<group>"; };
		F89646591C32FEA400BFFAA8 /* Info.plist */ = {isa = PBXFileReference; lastKnownFileType = text.plist.xml; path = Info.plist; sourceTree = "<group>"; };
		F896465E1C32FEA400BFFAA8 /* exampleTests.xctest */ = {isa = PBXFileReference; explicitFileType = wrapper.cfbundle; includeInIndex = 0; path = exampleTests.xctest; sourceTree = BUILT_PRODUCTS_DIR; };
		F89646621C32FEA400BFFAA8 /* exampleTests.swift */ = {isa = PBXFileReference; lastKnownFileType = sourcecode.swift; path = exampleTests.swift; sourceTree = "<group>"; };
		F89646641C32FEA400BFFAA8 /* Info.plist */ = {isa = PBXFileReference; lastKnownFileType = text.plist.xml; path = Info.plist; sourceTree = "<group>"; };
		F89646691C32FEA400BFFAA8 /* exampleUITests.xctest */ = {isa = PBXFileReference; explicitFileType = wrapper.cfbundle; includeInIndex = 0; path = exampleUITests.xctest; sourceTree = BUILT_PRODUCTS_DIR; };
		F896466D1C32FEA400BFFAA8 /* exampleUITests.swift */ = {isa = PBXFileReference; lastKnownFileType = sourcecode.swift; path = exampleUITests.swift; sourceTree = "<group>"; };
		F896466F1C32FEA400BFFAA8 /* Info.plist */ = {isa = PBXFileReference; lastKnownFileType = text.plist.xml; path = Info.plist; sourceTree = "<group>"; };
		F896467C1C33011E00BFFAA8 /* Locations.swift */ = {isa = PBXFileReference; fileEncoding = 4; lastKnownFileType = sourcecode.swift; path = Locations.swift; sourceTree = "<group>"; };
		F896467E1C3302C400BFFAA8 /* ImageViewController.swift */ = {isa = PBXFileReference; fileEncoding = 4; lastKnownFileType = sourcecode.swift; path = ImageViewController.swift; sourceTree = "<group>"; };
		F8FA9C8E1C3DCF7400F7DE58 /* SpaceViewController.swift */ = {isa = PBXFileReference; fileEncoding = 4; lastKnownFileType = sourcecode.swift; path = SpaceViewController.swift; sourceTree = "<group>"; };
/* End PBXFileReference section */

/* Begin PBXFrameworksBuildPhase section */
		F89646471C32FEA400BFFAA8 /* Frameworks */ = {
			isa = PBXFrameworksBuildPhase;
			buildActionMask = 2147483647;
			files = (
				F88EE2DA1C4EE78600BBECAF /* libsqlite3.tbd in Frameworks */,
				F88EE2D81C4EE77E00BBECAF /* libz.tbd in Frameworks */,
				F88EE2D61C4EE77400BBECAF /* SystemConfiguration.framework in Frameworks */,
				F88EE2D41C4EE76A00BBECAF /* StoreKit.framework in Frameworks */,
				F88EE2D21C4EE76400BBECAF /* Security.framework in Frameworks */,
				F88EE2D01C4EE75C00BBECAF /* QuartzCore.framework in Frameworks */,
				F88EE2CE1C4EE75300BBECAF /* CoreLocation.framework in Frameworks */,
				F88EE2CC1C4EE74C00BBECAF /* CoreGraphics.framework in Frameworks */,
				F88EE2CA1C4EE74300BBECAF /* CFNetwork.framework in Frameworks */,
				F88EE2C81C4EE73800BBECAF /* AudioToolbox.framework in Frameworks */,
				F85D54F31C398F39009310E9 /* MapKit.framework in Frameworks */,
				F88EE2C21C4EE58B00BBECAF /* Parse.framework in Frameworks */,
				F88EE2C61C4EE58B00BBECAF /* ParseUI.framework in Frameworks */,
				F88EE2C31C4EE58B00BBECAF /* ParseFacebookUtils.framework in Frameworks */,
				F88EE2C11C4EE58B00BBECAF /* Bolts.framework in Frameworks */,
				F88EE2C51C4EE58B00BBECAF /* ParseTwitterUtils.framework in Frameworks */,
				F88EE2C41C4EE58B00BBECAF /* ParseFacebookUtilsV4.framework in Frameworks */,
			);
			runOnlyForDeploymentPostprocessing = 0;
		};
		F896465B1C32FEA400BFFAA8 /* Frameworks */ = {
			isa = PBXFrameworksBuildPhase;
			buildActionMask = 2147483647;
			files = (
			);
			runOnlyForDeploymentPostprocessing = 0;
		};
		F89646661C32FEA400BFFAA8 /* Frameworks */ = {
			isa = PBXFrameworksBuildPhase;
			buildActionMask = 2147483647;
			files = (
			);
			runOnlyForDeploymentPostprocessing = 0;
		};
/* End PBXFrameworksBuildPhase section */

/* Begin PBXGroup section */
		F89646411C32FEA400BFFAA8 = {
			isa = PBXGroup;
			children = (
				F88EE2D91C4EE78600BBECAF /* libsqlite3.tbd */,
				F88EE2D71C4EE77E00BBECAF /* libz.tbd */,
				F88EE2D51C4EE77400BBECAF /* SystemConfiguration.framework */,
				F88EE2D31C4EE76A00BBECAF /* StoreKit.framework */,
				F88EE2D11C4EE76400BBECAF /* Security.framework */,
				F88EE2CF1C4EE75C00BBECAF /* QuartzCore.framework */,
				F88EE2CD1C4EE75300BBECAF /* CoreLocation.framework */,
				F88EE2CB1C4EE74C00BBECAF /* CoreGraphics.framework */,
				F88EE2C91C4EE74300BBECAF /* CFNetwork.framework */,
				F88EE2C71C4EE73800BBECAF /* AudioToolbox.framework */,
				F88EE2BB1C4EE58B00BBECAF /* Bolts.framework */,
				F88EE2BC1C4EE58B00BBECAF /* Parse.framework */,
				F88EE2BD1C4EE58B00BBECAF /* ParseFacebookUtils.framework */,
				F88EE2BE1C4EE58B00BBECAF /* ParseFacebookUtilsV4.framework */,
				F88EE2BF1C4EE58B00BBECAF /* ParseTwitterUtils.framework */,
				F88EE2C01C4EE58B00BBECAF /* ParseUI.framework */,
				F85D54F21C398F39009310E9 /* MapKit.framework */,
				F896464C1C32FEA400BFFAA8 /* example */,
				F89646611C32FEA400BFFAA8 /* exampleTests */,
				F896466C1C32FEA400BFFAA8 /* exampleUITests */,
				F896464B1C32FEA400BFFAA8 /* Products */,
			);
			sourceTree = "<group>";
		};
		F896464B1C32FEA400BFFAA8 /* Products */ = {
			isa = PBXGroup;
			children = (
				F896464A1C32FEA400BFFAA8 /* example.app */,
				F896465E1C32FEA400BFFAA8 /* exampleTests.xctest */,
				F89646691C32FEA400BFFAA8 /* exampleUITests.xctest */,
			);
			name = Products;
			sourceTree = "<group>";
		};
		F896464C1C32FEA400BFFAA8 /* example */ = {
			isa = PBXGroup;
			children = (
				F82D14431C3B5CEF00D14373 /* LoginViewController.swift */,
				F85D54B41C388F6B009310E9 /* JSONDataTableViewController.swift */,
				F88EE2E11C4EF2FB00BBECAF /* RestaurantDataTableViewController.swift */,
				F896467E1C3302C400BFFAA8 /* ImageViewController.swift */,
				F85D54F41C3992A4009310E9 /* MapViewController.swift */,
				F896467C1C33011E00BFFAA8 /* Locations.swift */,
				F89646511C32FEA400BFFAA8 /* Main.storyboard */,
				F8FA9C8E1C3DCF7400F7DE58 /* SpaceViewController.swift */,
				F896467B1C32FEAB00BFFAA8 /* Supporting Files */,
			);
			path = example;
			sourceTree = "<group>";
		};
		F89646611C32FEA400BFFAA8 /* exampleTests */ = {
			isa = PBXGroup;
			children = (
				F89646621C32FEA400BFFAA8 /* exampleTests.swift */,
				F89646641C32FEA400BFFAA8 /* Info.plist */,
			);
			path = exampleTests;
			sourceTree = "<group>";
		};
		F896466C1C32FEA400BFFAA8 /* exampleUITests */ = {
			isa = PBXGroup;
			children = (
				F896466D1C32FEA400BFFAA8 /* exampleUITests.swift */,
				F896466F1C32FEA400BFFAA8 /* Info.plist */,
			);
			path = exampleUITests;
			sourceTree = "<group>";
		};
		F896467B1C32FEAB00BFFAA8 /* Supporting Files */ = {
			isa = PBXGroup;
			children = (
				F896464D1C32FEA400BFFAA8 /* AppDelegate.swift */,
				F89646541C32FEA400BFFAA8 /* Assets.xcassets */,
				F89646591C32FEA400BFFAA8 /* Info.plist */,
				F89646561C32FEA400BFFAA8 /* LaunchScreen.storyboard */,
			);
			name = "Supporting Files";
			sourceTree = "<group>";
		};
/* End PBXGroup section */

/* Begin PBXNativeTarget section */
		F89646491C32FEA400BFFAA8 /* example */ = {
			isa = PBXNativeTarget;
			buildConfigurationList = F89646721C32FEA400BFFAA8 /* Build configuration list for PBXNativeTarget "example" */;
			buildPhases = (
				F89646461C32FEA400BFFAA8 /* Sources */,
				F89646471C32FEA400BFFAA8 /* Frameworks */,
				F89646481C32FEA400BFFAA8 /* Resources */,
			);
			buildRules = (
			);
			dependencies = (
			);
			name = example;
			productName = example;
			productReference = F896464A1C32FEA400BFFAA8 /* example.app */;
			productType = "com.apple.product-type.application";
		};
		F896465D1C32FEA400BFFAA8 /* exampleTests */ = {
			isa = PBXNativeTarget;
			buildConfigurationList = F89646751C32FEA400BFFAA8 /* Build configuration list for PBXNativeTarget "exampleTests" */;
			buildPhases = (
				F896465A1C32FEA400BFFAA8 /* Sources */,
				F896465B1C32FEA400BFFAA8 /* Frameworks */,
				F896465C1C32FEA400BFFAA8 /* Resources */,
			);
			buildRules = (
			);
			dependencies = (
				F89646601C32FEA400BFFAA8 /* PBXTargetDependency */,
			);
			name = exampleTests;
			productName = exampleTests;
			productReference = F896465E1C32FEA400BFFAA8 /* exampleTests.xctest */;
			productType = "com.apple.product-type.bundle.unit-test";
		};
		F89646681C32FEA400BFFAA8 /* exampleUITests */ = {
			isa = PBXNativeTarget;
			buildConfigurationList = F89646781C32FEA400BFFAA8 /* Build configuration list for PBXNativeTarget "exampleUITests" */;
			buildPhases = (
				F89646651C32FEA400BFFAA8 /* Sources */,
				F89646661C32FEA400BFFAA8 /* Frameworks */,
				F89646671C32FEA400BFFAA8 /* Resources */,
			);
			buildRules = (
			);
			dependencies = (
				F896466B1C32FEA400BFFAA8 /* PBXTargetDependency */,
			);
			name = exampleUITests;
			productName = exampleUITests;
			productReference = F89646691C32FEA400BFFAA8 /* exampleUITests.xctest */;
			productType = "com.apple.product-type.bundle.ui-testing";
		};
/* End PBXNativeTarget section */

/* Begin PBXProject section */
		F89646421C32FEA400BFFAA8 /* Project object */ = {
			isa = PBXProject;
			attributes = {
				LastUpgradeCheck = 0700;
				ORGANIZATIONNAME = "Trong Le";
				TargetAttributes = {
					F89646491C32FEA400BFFAA8 = {
						CreatedOnToolsVersion = 7.0.1;
					};
					F896465D1C32FEA400BFFAA8 = {
						CreatedOnToolsVersion = 7.0.1;
						TestTargetID = F89646491C32FEA400BFFAA8;
					};
					F89646681C32FEA400BFFAA8 = {
						CreatedOnToolsVersion = 7.0.1;
						TestTargetID = F89646491C32FEA400BFFAA8;
					};
				};
			};
			buildConfigurationList = F89646451C32FEA400BFFAA8 /* Build configuration list for PBXProject "example" */;
			compatibilityVersion = "Xcode 3.2";
			developmentRegion = English;
			hasScannedForEncodings = 0;
			knownRegions = (
				en,
				Base,
			);
			mainGroup = F89646411C32FEA400BFFAA8;
			productRefGroup = F896464B1C32FEA400BFFAA8 /* Products */;
			projectDirPath = "";
			projectRoot = "";
			targets = (
				F89646491C32FEA400BFFAA8 /* example */,
				F896465D1C32FEA400BFFAA8 /* exampleTests */,
				F89646681C32FEA400BFFAA8 /* exampleUITests */,
			);
		};
/* End PBXProject section */

/* Begin PBXResourcesBuildPhase section */
		F89646481C32FEA400BFFAA8 /* Resources */ = {
			isa = PBXResourcesBuildPhase;
			buildActionMask = 2147483647;
			files = (
				F89646581C32FEA400BFFAA8 /* LaunchScreen.storyboard in Resources */,
				F89646551C32FEA400BFFAA8 /* Assets.xcassets in Resources */,
				F89646531C32FEA400BFFAA8 /* Main.storyboard in Resources */,
			);
			runOnlyForDeploymentPostprocessing = 0;
		};
		F896465C1C32FEA400BFFAA8 /* Resources */ = {
			isa = PBXResourcesBuildPhase;
			buildActionMask = 2147483647;
			files = (
			);
			runOnlyForDeploymentPostprocessing = 0;
		};
		F89646671C32FEA400BFFAA8 /* Resources */ = {
			isa = PBXResourcesBuildPhase;
			buildActionMask = 2147483647;
			files = (
			);
			runOnlyForDeploymentPostprocessing = 0;
		};
/* End PBXResourcesBuildPhase section */

/* Begin PBXSourcesBuildPhase section */
		F89646461C32FEA400BFFAA8 /* Sources */ = {
			isa = PBXSourcesBuildPhase;
			buildActionMask = 2147483647;
			files = (
				F82D14441C3B5CEF00D14373 /* LoginViewController.swift in Sources */,
				F896467D1C33011E00BFFAA8 /* Locations.swift in Sources */,
				F88EE2E21C4EF2FB00BBECAF /* RestaurantDataTableViewController.swift in Sources */,
				F8FA9C8F1C3DCF7400F7DE58 /* SpaceViewController.swift in Sources */,
				F85D54F51C3992A4009310E9 /* MapViewController.swift in Sources */,
				F85D54B51C388F6B009310E9 /* JSONDataTableViewController.swift in Sources */,
				F896467F1C3302C400BFFAA8 /* ImageViewController.swift in Sources */,
				F896464E1C32FEA400BFFAA8 /* AppDelegate.swift in Sources */,
			);
			runOnlyForDeploymentPostprocessing = 0;
		};
		F896465A1C32FEA400BFFAA8 /* Sources */ = {
			isa = PBXSourcesBuildPhase;
			buildActionMask = 2147483647;
			files = (
				F89646631C32FEA400BFFAA8 /* exampleTests.swift in Sources */,
			);
			runOnlyForDeploymentPostprocessing = 0;
		};
		F89646651C32FEA400BFFAA8 /* Sources */ = {
			isa = PBXSourcesBuildPhase;
			buildActionMask = 2147483647;
			files = (
				F896466E1C32FEA400BFFAA8 /* exampleUITests.swift in Sources */,
			);
			runOnlyForDeploymentPostprocessing = 0;
		};
/* End PBXSourcesBuildPhase section */

/* Begin PBXTargetDependency section */
		F89646601C32FEA400BFFAA8 /* PBXTargetDependency */ = {
			isa = PBXTargetDependency;
			target = F89646491C32FEA400BFFAA8 /* example */;
			targetProxy = F896465F1C32FEA400BFFAA8 /* PBXContainerItemProxy */;
		};
		F896466B1C32FEA400BFFAA8 /* PBXTargetDependency */ = {
			isa = PBXTargetDependency;
			target = F89646491C32FEA400BFFAA8 /* example */;
			targetProxy = F896466A1C32FEA400BFFAA8 /* PBXContainerItemProxy */;
		};
/* End PBXTargetDependency section */

/* Begin PBXVariantGroup section */
		F89646511C32FEA400BFFAA8 /* Main.storyboard */ = {
			isa = PBXVariantGroup;
			children = (
				F89646521C32FEA400BFFAA8 /* Base */,
			);
			name = Main.storyboard;
			sourceTree = "<group>";
		};
		F89646561C32FEA400BFFAA8 /* LaunchScreen.storyboard */ = {
			isa = PBXVariantGroup;
			children = (
				F89646571C32FEA400BFFAA8 /* Base */,
			);
			name = LaunchScreen.storyboard;
			sourceTree = "<group>";
		};
/* End PBXVariantGroup section */

/* Begin XCBuildConfiguration section */
		F89646701C32FEA400BFFAA8 /* Debug */ = {
			isa = XCBuildConfiguration;
			buildSettings = {
				ALWAYS_SEARCH_USER_PATHS = NO;
				CLANG_CXX_LANGUAGE_STANDARD = "gnu++0x";
				CLANG_CXX_LIBRARY = "libc++";
				CLANG_ENABLE_MODULES = YES;
				CLANG_ENABLE_OBJC_ARC = YES;
				CLANG_WARN_BOOL_CONVERSION = YES;
				CLANG_WARN_CONSTANT_CONVERSION = YES;
				CLANG_WARN_DIRECT_OBJC_ISA_USAGE = YES_ERROR;
				CLANG_WARN_EMPTY_BODY = YES;
				CLANG_WARN_ENUM_CONVERSION = YES;
				CLANG_WARN_INT_CONVERSION = YES;
				CLANG_WARN_OBJC_ROOT_CLASS = YES_ERROR;
				CLANG_WARN_UNREACHABLE_CODE = YES;
				CLANG_WARN__DUPLICATE_METHOD_MATCH = YES;
				"CODE_SIGN_IDENTITY[sdk=iphoneos*]" = "iPhone Developer";
				COPY_PHASE_STRIP = NO;
				DEBUG_INFORMATION_FORMAT = dwarf;
				ENABLE_STRICT_OBJC_MSGSEND = YES;
				ENABLE_TESTABILITY = YES;
				GCC_C_LANGUAGE_STANDARD = gnu99;
				GCC_DYNAMIC_NO_PIC = NO;
				GCC_NO_COMMON_BLOCKS = YES;
				GCC_OPTIMIZATION_LEVEL = 0;
				GCC_PREPROCESSOR_DEFINITIONS = (
					"DEBUG=1",
					"$(inherited)",
				);
				GCC_WARN_64_TO_32_BIT_CONVERSION = YES;
				GCC_WARN_ABOUT_RETURN_TYPE = YES_ERROR;
				GCC_WARN_UNDECLARED_SELECTOR = YES;
				GCC_WARN_UNINITIALIZED_AUTOS = YES_AGGRESSIVE;
				GCC_WARN_UNUSED_FUNCTION = YES;
				GCC_WARN_UNUSED_VARIABLE = YES;
				IPHONEOS_DEPLOYMENT_TARGET = 9.0;
				MTL_ENABLE_DEBUG_INFO = YES;
				ONLY_ACTIVE_ARCH = YES;
				SDKROOT = iphoneos;
				SWIFT_OPTIMIZATION_LEVEL = "-Onone";
				TARGETED_DEVICE_FAMILY = "1,2";
			};
			name = Debug;
		};
		F89646711C32FEA400BFFAA8 /* Release */ = {
			isa = XCBuildConfiguration;
			buildSettings = {
				ALWAYS_SEARCH_USER_PATHS = NO;
				CLANG_CXX_LANGUAGE_STANDARD = "gnu++0x";
				CLANG_CXX_LIBRARY = "libc++";
				CLANG_ENABLE_MODULES = YES;
				CLANG_ENABLE_OBJC_ARC = YES;
				CLANG_WARN_BOOL_CONVERSION = YES;
				CLANG_WARN_CONSTANT_CONVERSION = YES;
				CLANG_WARN_DIRECT_OBJC_ISA_USAGE = YES_ERROR;
				CLANG_WARN_EMPTY_BODY = YES;
				CLANG_WARN_ENUM_CONVERSION = YES;
				CLANG_WARN_INT_CONVERSION = YES;
				CLANG_WARN_OBJC_ROOT_CLASS = YES_ERROR;
				CLANG_WARN_UNREACHABLE_CODE = YES;
				CLANG_WARN__DUPLICATE_METHOD_MATCH = YES;
				"CODE_SIGN_IDENTITY[sdk=iphoneos*]" = "iPhone Developer";
				COPY_PHASE_STRIP = NO;
				DEBUG_INFORMATION_FORMAT = "dwarf-with-dsym";
				ENABLE_NS_ASSERTIONS = NO;
				ENABLE_STRICT_OBJC_MSGSEND = YES;
				GCC_C_LANGUAGE_STANDARD = gnu99;
				GCC_NO_COMMON_BLOCKS = YES;
				GCC_WARN_64_TO_32_BIT_CONVERSION = YES;
				GCC_WARN_ABOUT_RETURN_TYPE = YES_ERROR;
				GCC_WARN_UNDECLARED_SELECTOR = YES;
				GCC_WARN_UNINITIALIZED_AUTOS = YES_AGGRESSIVE;
				GCC_WARN_UNUSED_FUNCTION = YES;
				GCC_WARN_UNUSED_VARIABLE = YES;
				IPHONEOS_DEPLOYMENT_TARGET = 9.0;
				MTL_ENABLE_DEBUG_INFO = NO;
				SDKROOT = iphoneos;
				TARGETED_DEVICE_FAMILY = "1,2";
				VALIDATE_PRODUCT = YES;
			};
			name = Release;
		};
		F89646731C32FEA400BFFAA8 /* Debug */ = {
			isa = XCBuildConfiguration;
			buildSettings = {
				ASSETCATALOG_COMPILER_APPICON_NAME = AppIcon;
				FRAMEWORK_SEARCH_PATHS = (
					"$(inherited)",
					"$(PROJECT_DIR)",
				);
				INFOPLIST_FILE = example/Info.plist;
				LD_RUNPATH_SEARCH_PATHS = "$(inherited) @executable_path/Frameworks";
				PRODUCT_BUNDLE_IDENTIFIER = Trong.Le.example;
				PRODUCT_NAME = "$(TARGET_NAME)";
			};
			name = Debug;
		};
		F89646741C32FEA400BFFAA8 /* Release */ = {
			isa = XCBuildConfiguration;
			buildSettings = {
				ASSETCATALOG_COMPILER_APPICON_NAME = AppIcon;
				FRAMEWORK_SEARCH_PATHS = (
					"$(inherited)",
					"$(PROJECT_DIR)",
				);
				INFOPLIST_FILE = example/Info.plist;
				LD_RUNPATH_SEARCH_PATHS = "$(inherited) @executable_path/Frameworks";
				PRODUCT_BUNDLE_IDENTIFIER = Trong.Le.example;
				PRODUCT_NAME = "$(TARGET_NAME)";
			};
			name = Release;
		};
		F89646761C32FEA400BFFAA8 /* Debug */ = {
			isa = XCBuildConfiguration;
			buildSettings = {
				BUNDLE_LOADER = "$(TEST_HOST)";
				INFOPLIST_FILE = exampleTests/Info.plist;
				LD_RUNPATH_SEARCH_PATHS = "$(inherited) @executable_path/Frameworks @loader_path/Frameworks";
				PRODUCT_BUNDLE_IDENTIFIER = Trong.Le.exampleTests;
				PRODUCT_NAME = "$(TARGET_NAME)";
				TEST_HOST = "$(BUILT_PRODUCTS_DIR)/example.app/example";
			};
			name = Debug;
		};
		F89646771C32FEA400BFFAA8 /* Release */ = {
			isa = XCBuildConfiguration;
			buildSettings = {
				BUNDLE_LOADER = "$(TEST_HOST)";
				INFOPLIST_FILE = exampleTests/Info.plist;
				LD_RUNPATH_SEARCH_PATHS = "$(inherited) @executable_path/Frameworks @loader_path/Frameworks";
				PRODUCT_BUNDLE_IDENTIFIER = Trong.Le.exampleTests;
				PRODUCT_NAME = "$(TARGET_NAME)";
				TEST_HOST = "$(BUILT_PRODUCTS_DIR)/example.app/example";
			};
			name = Release;
		};
		F89646791C32FEA400BFFAA8 /* Debug */ = {
			isa = XCBuildConfiguration;
			buildSettings = {
				INFOPLIST_FILE = exampleUITests/Info.plist;
				LD_RUNPATH_SEARCH_PATHS = "$(inherited) @executable_path/Frameworks @loader_path/Frameworks";
				PRODUCT_BUNDLE_IDENTIFIER = Trong.Le.exampleUITests;
				PRODUCT_NAME = "$(TARGET_NAME)";
				TEST_TARGET_NAME = example;
				USES_XCTRUNNER = YES;
			};
			name = Debug;
		};
		F896467A1C32FEA400BFFAA8 /* Release */ = {
			isa = XCBuildConfiguration;
			buildSettings = {
				INFOPLIST_FILE = exampleUITests/Info.plist;
				LD_RUNPATH_SEARCH_PATHS = "$(inherited) @executable_path/Frameworks @loader_path/Frameworks";
				PRODUCT_BUNDLE_IDENTIFIER = Trong.Le.exampleUITests;
				PRODUCT_NAME = "$(TARGET_NAME)";
				TEST_TARGET_NAME = example;
				USES_XCTRUNNER = YES;
			};
			name = Release;
		};
/* End XCBuildConfiguration section */

/* Begin XCConfigurationList section */
		F89646451C32FEA400BFFAA8 /* Build configuration list for PBXProject "example" */ = {
			isa = XCConfigurationList;
			buildConfigurations = (
				F89646701C32FEA400BFFAA8 /* Debug */,
				F89646711C32FEA400BFFAA8 /* Release */,
			);
			defaultConfigurationIsVisible = 0;
			defaultConfigurationName = Release;
		};
		F89646721C32FEA400BFFAA8 /* Build configuration list for PBXNativeTarget "example" */ = {
			isa = XCConfigurationList;
			buildConfigurations = (
				F89646731C32FEA400BFFAA8 /* Debug */,
				F89646741C32FEA400BFFAA8 /* Release */,
			);
			defaultConfigurationIsVisible = 0;
			defaultConfigurationName = Release;
		};
		F89646751C32FEA400BFFAA8 /* Build configuration list for PBXNativeTarget "exampleTests" */ = {
			isa = XCConfigurationList;
			buildConfigurations = (
				F89646761C32FEA400BFFAA8 /* Debug */,
				F89646771C32FEA400BFFAA8 /* Release */,
			);
			defaultConfigurationIsVisible = 0;
			defaultConfigurationName = Release;
		};
		F89646781C32FEA400BFFAA8 /* Build configuration list for PBXNativeTarget "exampleUITests" */ = {
			isa = XCConfigurationList;
			buildConfigurations = (
				F89646791C32FEA400BFFAA8 /* Debug */,
				F896467A1C32FEA400BFFAA8 /* Release */,
			);
			defaultConfigurationIsVisible = 0;
			defaultConfigurationName = Release;
		};
/* End XCConfigurationList section */
	};
	rootObject = F89646421C32FEA400BFFAA8 /* Project object */;
}
